
Microsoft Visual Studio Solution File, Format Version 12.00
# Visual Studio Version 16
VisualStudioVersion = 16.0.31019.35
MinimumVisualStudioVersion = 15.0.26124.0
Project("{9A19103F-16F7-4668-BE54-9A1E7A4F7556}") = "vacawasm", "vacawasm\vacawasm.csproj", "{B3C32038-6AEA-4763-939D-FD1FD092C96B}"
EndProject
Project("{9A19103F-16F7-4668-BE54-9A1E7A4F7556}") = "vaquesUiTest", "vaquesUiTest\vaquesUiTest.csproj", "{B91FB370-716A-4334-A32A-D268E0E08773}"
EndProject
Project("{9A19103F-16F7-4668-BE54-9A1E7A4F7556}") = "VaquesBackend", "VaquesBackend\VaquesBackend.csproj", "{583D7290-BDAB-4B16-8E8A-1FEDAC51CD90}"
EndProject
Project("{FAE04EC0-301F-11D3-BF4B-00C04F79EFBC}") = "VaquesBackendTests", "VaquesBackendTests\VaquesBackendTests.csproj", "{581D1AA8-6A15-478D-8779-1888ACBFDE0C}"
EndProject
Global
	GlobalSection(SolutionConfigurationPlatforms) = preSolution
		Debug|Any CPU = Debug|Any CPU
		Debug|x64 = Debug|x64
		Debug|x86 = Debug|x86
		Release|Any CPU = Release|Any CPU
		Release|x64 = Release|x64
		Release|x86 = Release|x86
	EndGlobalSection
	GlobalSection(ProjectConfigurationPlatforms) = postSolution
		{B3C32038-6AEA-4763-939D-FD1FD092C96B}.Debug|Any CPU.ActiveCfg = Debug|Any CPU
		{B3C32038-6AEA-4763-939D-FD1FD092C96B}.Debug|Any CPU.Build.0 = Debug|Any CPU
		{B3C32038-6AEA-4763-939D-FD1FD092C96B}.Debug|x64.ActiveCfg = Debug|Any CPU
		{B3C32038-6AEA-4763-939D-FD1FD092C96B}.Debug|x64.Build.0 = Debug|Any CPU
		{B3C32038-6AEA-4763-939D-FD1FD092C96B}.Debug|x86.ActiveCfg = Debug|Any CPU
		{B3C32038-6AEA-4763-939D-FD1FD092C96B}.Debug|x86.Build.0 = Debug|Any CPU
		{B3C32038-6AEA-4763-939D-FD1FD092C96B}.Release|Any CPU.ActiveCfg = Release|Any CPU
		{B3C32038-6AEA-4763-939D-FD1FD092C96B}.Release|Any CPU.Build.0 = Release|Any CPU
		{B3C32038-6AEA-4763-939D-FD1FD092C96B}.Release|x64.ActiveCfg = Release|Any CPU
		{B3C32038-6AEA-4763-939D-FD1FD092C96B}.Release|x64.Build.0 = Release|Any CPU
		{B3C32038-6AEA-4763-939D-FD1FD092C96B}.Release|x86.ActiveCfg = Release|Any CPU
		{B3C32038-6AEA-4763-939D-FD1FD092C96B}.Release|x86.Build.0 = Release|Any CPU
		{B91FB370-716A-4334-A32A-D268E0E08773}.Debug|Any CPU.ActiveCfg = Debug|Any CPU
		{B91FB370-716A-4334-A32A-D268E0E08773}.Debug|Any CPU.Build.0 = Debug|Any CPU
		{B91FB370-716A-4334-A32A-D268E0E08773}.Debug|x64.ActiveCfg = Debug|Any CPU
		{B91FB370-716A-4334-A32A-D268E0E08773}.Debug|x64.Build.0 = Debug|Any CPU
		{B91FB370-716A-4334-A32A-D268E0E08773}.Debug|x86.ActiveCfg = Debug|Any CPU
		{B91FB370-716A-4334-A32A-D268E0E08773}.Debug|x86.Build.0 = Debug|Any CPU
		{B91FB370-716A-4334-A32A-D268E0E08773}.Release|Any CPU.ActiveCfg = Release|Any CPU
		{B91FB370-716A-4334-A32A-D268E0E08773}.Release|Any CPU.Build.0 = Release|Any CPU
		{B91FB370-716A-4334-A32A-D268E0E08773}.Release|x64.ActiveCfg = Release|Any CPU
		{B91FB370-716A-4334-A32A-D268E0E08773}.Release|x64.Build.0 = Release|Any CPU
		{B91FB370-716A-4334-A32A-D268E0E08773}.Release|x86.ActiveCfg = Release|Any CPU
		{B91FB370-716A-4334-A32A-D268E0E08773}.Release|x86.Build.0 = Release|Any CPU
		{583D7290-BDAB-4B16-8E8A-1FEDAC51CD90}.Debug|Any CPU.ActiveCfg = Debug|Any CPU
		{583D7290-BDAB-4B16-8E8A-1FEDAC51CD90}.Debug|Any CPU.Build.0 = Debug|Any CPU
		{583D7290-BDAB-4B16-8E8A-1FEDAC51CD90}.Debug|x64.ActiveCfg = Debug|Any CPU
		{583D7290-BDAB-4B16-8E8A-1FEDAC51CD90}.Debug|x64.Build.0 = Debug|Any CPU
		{583D7290-BDAB-4B16-8E8A-1FEDAC51CD90}.Debug|x86.ActiveCfg = Debug|Any CPU
		{583D7290-BDAB-4B16-8E8A-1FEDAC51CD90}.Debug|x86.Build.0 = Debug|Any CPU
		{583D7290-BDAB-4B16-8E8A-1FEDAC51CD90}.Release|Any CPU.ActiveCfg = Release|Any CPU
		{583D7290-BDAB-4B16-8E8A-1FEDAC51CD90}.Release|Any CPU.Build.0 = Release|Any CPU
		{583D7290-BDAB-4B16-8E8A-1FEDAC51CD90}.Release|x64.ActiveCfg = Release|Any CPU
		{583D7290-BDAB-4B16-8E8A-1FEDAC51CD90}.Release|x64.Build.0 = Release|Any CPU
		{583D7290-BDAB-4B16-8E8A-1FEDAC51CD90}.Release|x86.ActiveCfg = Release|Any CPU
		{583D7290-BDAB-4B16-8E8A-1FEDAC51CD90}.Release|x86.Build.0 = Release|Any CPU
		{581D1AA8-6A15-478D-8779-1888ACBFDE0C}.Debug|Any CPU.ActiveCfg = Debug|Any CPU
		{581D1AA8-6A15-478D-8779-1888ACBFDE0C}.Debug|Any CPU.Build.0 = Debug|Any CPU
		{581D1AA8-6A15-478D-8779-1888ACBFDE0C}.Debug|x64.ActiveCfg = Debug|Any CPU
		{581D1AA8-6A15-478D-8779-1888ACBFDE0C}.Debug|x64.Build.0 = Debug|Any CPU
		{581D1AA8-6A15-478D-8779-1888ACBFDE0C}.Debug|x86.ActiveCfg = Debug|Any CPU
		{581D1AA8-6A15-478D-8779-1888ACBFDE0C}.Debug|x86.Build.0 = Debug|Any CPU
		{581D1AA8-6A15-478D-8779-1888ACBFDE0C}.Release|Any CPU.ActiveCfg = Release|Any CPU
		{581D1AA8-6A15-478D-8779-1888ACBFDE0C}.Release|Any CPU.Build.0 = Release|Any CPU
		{581D1AA8-6A15-478D-8779-1888ACBFDE0C}.Release|x64.ActiveCfg = Release|Any CPU
		{581D1AA8-6A15-478D-8779-1888ACBFDE0C}.Release|x64.Build.0 = Release|Any CPU
		{581D1AA8-6A15-478D-8779-1888ACBFDE0C}.Release|x86.ActiveCfg = Release|Any CPU
		{581D1AA8-6A15-478D-8779-1888ACBFDE0C}.Release|x86.Build.0 = Release|Any CPU
	EndGlobalSection
	GlobalSection(SolutionProperties) = preSolution
		HideSolutionNode = FALSE
	EndGlobalSection
	GlobalSection(ExtensibilityGlobals) = postSolution
		SolutionGuid = {531F316B-2DB0-4A57-88A8-234D48131875}
	EndGlobalSection
EndGlobal
